
Microsoft Visual Studio Solution File, Format Version 12.00
# Visual Studio Version 17
VisualStudioVersion = 17.14.36414.22 d17.14
MinimumVisualStudioVersion = 10.0.40219.1
Project("{FAE04EC0-301F-11D3-BF4B-00C04F79EFBC}") = "ControllerExample", "ControllerExample\ControllerExample.csproj", "{7DFCEEE8-7B07-4581-B71E-C56A6B58C5AA}"
EndProject
Global
	GlobalSection(SolutionConfigurationPlatforms) = preSolution
		Debug|Any CPU = Debug|Any CPU
		Release|Any CPU = Release|Any CPU
	EndGlobalSection
	GlobalSection(ProjectConfigurationPlatforms) = postSolution
		{7DFCEEE8-7B07-4581-B71E-C56A6B58C5AA}.Debug|Any CPU.ActiveCfg = Debug|Any CPU
		{7DFCEEE8-7B07-4581-B71E-C56A6B58C5AA}.Debug|Any CPU.Build.0 = Debug|Any CPU
		{7DFCEEE8-7B07-4581-B71E-C56A6B58C5AA}.Release|Any CPU.ActiveCfg = Release|Any CPU
		{7DFCEEE8-7B07-4581-B71E-C56A6B58C5AA}.Release|Any CPU.Build.0 = Release|Any CPU
	EndGlobalSection
	GlobalSection(SolutionProperties) = preSolution
		HideSolutionNode = FALSE
	EndGlobalSection
	GlobalSection(ExtensibilityGlobals) = postSolution
		SolutionGuid = {09B4BFDB-844A-4C01-AC7F-C6F4BC4CFD83}
	EndGlobalSection
EndGlobal
