
Microsoft Visual Studio Solution File, Format Version 12.00
# Visual Studio Version 17
VisualStudioVersion = 17.14.36414.22 d17.14
MinimumVisualStudioVersion = 10.0.40219.1
Project("{FAE04EC0-301F-11D3-BF4B-00C04F79EFBC}") = "RoutingExample", "RoutingExample\RoutingExample.csproj", "{1B13A93D-B1DE-4FC0-B7D9-F49C72B5E73E}"
EndProject
Global
	GlobalSection(SolutionConfigurationPlatforms) = preSolution
		Debug|Any CPU = Debug|Any CPU
		Release|Any CPU = Release|Any CPU
	EndGlobalSection
	GlobalSection(ProjectConfigurationPlatforms) = postSolution
		{1B13A93D-B1DE-4FC0-B7D9-F49C72B5E73E}.Debug|Any CPU.ActiveCfg = Debug|Any CPU
		{1B13A93D-B1DE-4FC0-B7D9-F49C72B5E73E}.Debug|Any CPU.Build.0 = Debug|Any CPU
		{1B13A93D-B1DE-4FC0-B7D9-F49C72B5E73E}.Release|Any CPU.ActiveCfg = Release|Any CPU
		{1B13A93D-B1DE-4FC0-B7D9-F49C72B5E73E}.Release|Any CPU.Build.0 = Release|Any CPU
	EndGlobalSection
	GlobalSection(SolutionProperties) = preSolution
		HideSolutionNode = FALSE
	EndGlobalSection
	GlobalSection(ExtensibilityGlobals) = postSolution
		SolutionGuid = {BE4B6BDF-D91F-4F92-90B2-36DE19D502B9}
	EndGlobalSection
EndGlobal
